
Microsoft Visual Studio Solution File, Format Version 12.00
# Visual Studio 15
VisualStudioVersion = 15.0.28010.2019
MinimumVisualStudioVersion = 10.0.40219.1
Project("{888888A0-9F3D-457C-B088-3A5042F75D52}") = "1stprojj", "1stprojj.pyproj", "{B8880CB7-30E5-4D31-BB09-E759AB78E06A}"
EndProject
Global
	GlobalSection(SolutionConfigurationPlatforms) = preSolution
		Debug|Any CPU = Debug|Any CPU
		Release|Any CPU = Release|Any CPU
	EndGlobalSection
	GlobalSection(ProjectConfigurationPlatforms) = postSolution
		{B8880CB7-30E5-4D31-BB09-E759AB78E06A}.Debug|Any CPU.ActiveCfg = Debug|Any CPU
		{B8880CB7-30E5-4D31-BB09-E759AB78E06A}.Release|Any CPU.ActiveCfg = Release|Any CPU
	EndGlobalSection
	GlobalSection(SolutionProperties) = preSolution
		HideSolutionNode = FALSE
	EndGlobalSection
	GlobalSection(ExtensibilityGlobals) = postSolution
		SolutionGuid = {FA7E6E00-542F-40EE-B3DA-381F2B366C98}
	EndGlobalSection
EndGlobal
